
Microsoft Visual Studio Solution File, Format Version 12.00
# Visual Studio Version 17
VisualStudioVersion = 17.11.35208.52
MinimumVisualStudioVersion = 10.0.40219.1
Project("{FAE04EC0-301F-11D3-BF4B-00C04F79EFBC}") = "MedicalAppointmentApp", "MedicalAppointmentApp.csproj", "{4D09B6CF-748E-4E57-B21D-599491D9EBA1}"
EndProject
Global
	GlobalSection(SolutionConfigurationPlatforms) = preSolution
		Debug|Any CPU = Debug|Any CPU
		Release|Any CPU = Release|Any CPU
	EndGlobalSection
	GlobalSection(ProjectConfigurationPlatforms) = postSolution
		{4D09B6CF-748E-4E57-B21D-599491D9EBA1}.Debug|Any CPU.ActiveCfg = Debug|Any CPU
		{4D09B6CF-748E-4E57-B21D-599491D9EBA1}.Debug|Any CPU.Build.0 = Debug|Any CPU
		{4D09B6CF-748E-4E57-B21D-599491D9EBA1}.Release|Any CPU.ActiveCfg = Release|Any CPU
		{4D09B6CF-748E-4E57-B21D-599491D9EBA1}.Release|Any CPU.Build.0 = Release|Any CPU
	EndGlobalSection
	GlobalSection(SolutionProperties) = preSolution
		HideSolutionNode = FALSE
	EndGlobalSection
	GlobalSection(ExtensibilityGlobals) = postSolution
		SolutionGuid = {AD11CE5D-818D-4C23-9383-7C336A66ACC2}
	EndGlobalSection
EndGlobal
