
Microsoft Visual Studio Solution File, Format Version 12.00
# Visual Studio Version 17
VisualStudioVersion = 17.11.35208.52
MinimumVisualStudioVersion = 10.0.40219.1
Project("{2150E333-8FDC-42A3-9474-1A3956D46DE8}") = "BackEnd", "BackEnd", "{023FC0B7-DABB-42EE-98D6-7F69171A1DFC}"
EndProject
Project("{2150E333-8FDC-42A3-9474-1A3956D46DE8}") = "FrontEnd", "FrontEnd", "{489E30ED-5364-4958-9C35-5D89B1D711FE}"
EndProject
Project("{9A19103F-16F7-4668-BE54-9A1E7A4F7556}") = "MedicalAppointmentApp.Domain", "MedicalAppointmentApp.Domain\MedicalAppointmentApp.Domain.csproj", "{A1F9C5A9-4258-480D-AAA8-6AFCDF96BEC7}"
EndProject
Project("{9A19103F-16F7-4668-BE54-9A1E7A4F7556}") = "MedicalAppointmentApp.Persistance", "MedicalAppointmentApp.Persistance\MedicalAppointmentApp.Persistance.csproj", "{1340F277-6B95-4B9B-BEB2-6375CA7CCBDE}"
EndProject
Project("{9A19103F-16F7-4668-BE54-9A1E7A4F7556}") = "MedicalAppointmentApp.Infrastructure", "MedicalAppointmentApp.Infrastructure\MedicalAppointmentApp.Infrastructure.csproj", "{EF598BD3-6246-4488-8E66-71A7962A3D34}"
EndProject
Project("{2150E333-8FDC-42A3-9474-1A3956D46DE8}") = "Api", "Api", "{07654457-538A-48CC-9122-E91E6CF84CCF}"
EndProject
Project("{9A19103F-16F7-4668-BE54-9A1E7A4F7556}") = "MedicalAppointmentApp.Medical.Api", "MedicalAppointmentApp.Configuration.Api\MedicalAppointmentApp.Medical.Api.csproj", "{404C09CB-EDF2-4937-9D49-E6D8184B26B4}"
EndProject
Project("{9A19103F-16F7-4668-BE54-9A1E7A4F7556}") = "MedicalAppointmentApp.Web", "MedicalAppointmentApp.Web\MedicalAppointmentApp.Web.csproj", "{94F9CBEC-1A52-4381-8288-81CCE4A8E0F6}"
EndProject
Project("{9A19103F-16F7-4668-BE54-9A1E7A4F7556}") = "MedicalAppointmentApp.Aplication", "MedicalAppointmentApp.Aplication\MedicalAppointmentApp.Aplication.csproj", "{7A15C415-57ED-492A-827F-C7A75154EE36}"
EndProject
Project("{9A19103F-16F7-4668-BE54-9A1E7A4F7556}") = "MedicalAppointmentApp.IOC", "MedicalAppointmentApp.IOC\MedicalAppointmentApp.IOC.csproj", "{22A2EE38-85FE-483B-819D-2C224CB9BC33}"
EndProject
Global
	GlobalSection(SolutionConfigurationPlatforms) = preSolution
		Debug|Any CPU = Debug|Any CPU
		Release|Any CPU = Release|Any CPU
	EndGlobalSection
	GlobalSection(ProjectConfigurationPlatforms) = postSolution
		{A1F9C5A9-4258-480D-AAA8-6AFCDF96BEC7}.Debug|Any CPU.ActiveCfg = Debug|Any CPU
		{A1F9C5A9-4258-480D-AAA8-6AFCDF96BEC7}.Debug|Any CPU.Build.0 = Debug|Any CPU
		{A1F9C5A9-4258-480D-AAA8-6AFCDF96BEC7}.Release|Any CPU.ActiveCfg = Release|Any CPU
		{A1F9C5A9-4258-480D-AAA8-6AFCDF96BEC7}.Release|Any CPU.Build.0 = Release|Any CPU
		{1340F277-6B95-4B9B-BEB2-6375CA7CCBDE}.Debug|Any CPU.ActiveCfg = Debug|Any CPU
		{1340F277-6B95-4B9B-BEB2-6375CA7CCBDE}.Debug|Any CPU.Build.0 = Debug|Any CPU
		{1340F277-6B95-4B9B-BEB2-6375CA7CCBDE}.Release|Any CPU.ActiveCfg = Release|Any CPU
		{1340F277-6B95-4B9B-BEB2-6375CA7CCBDE}.Release|Any CPU.Build.0 = Release|Any CPU
		{EF598BD3-6246-4488-8E66-71A7962A3D34}.Debug|Any CPU.ActiveCfg = Debug|Any CPU
		{EF598BD3-6246-4488-8E66-71A7962A3D34}.Debug|Any CPU.Build.0 = Debug|Any CPU
		{EF598BD3-6246-4488-8E66-71A7962A3D34}.Release|Any CPU.ActiveCfg = Release|Any CPU
		{EF598BD3-6246-4488-8E66-71A7962A3D34}.Release|Any CPU.Build.0 = Release|Any CPU
		{404C09CB-EDF2-4937-9D49-E6D8184B26B4}.Debug|Any CPU.ActiveCfg = Debug|Any CPU
		{404C09CB-EDF2-4937-9D49-E6D8184B26B4}.Debug|Any CPU.Build.0 = Debug|Any CPU
		{404C09CB-EDF2-4937-9D49-E6D8184B26B4}.Release|Any CPU.ActiveCfg = Release|Any CPU
		{404C09CB-EDF2-4937-9D49-E6D8184B26B4}.Release|Any CPU.Build.0 = Release|Any CPU
		{94F9CBEC-1A52-4381-8288-81CCE4A8E0F6}.Debug|Any CPU.ActiveCfg = Debug|Any CPU
		{94F9CBEC-1A52-4381-8288-81CCE4A8E0F6}.Debug|Any CPU.Build.0 = Debug|Any CPU
		{94F9CBEC-1A52-4381-8288-81CCE4A8E0F6}.Release|Any CPU.ActiveCfg = Release|Any CPU
		{94F9CBEC-1A52-4381-8288-81CCE4A8E0F6}.Release|Any CPU.Build.0 = Release|Any CPU
		{7A15C415-57ED-492A-827F-C7A75154EE36}.Debug|Any CPU.ActiveCfg = Debug|Any CPU
		{7A15C415-57ED-492A-827F-C7A75154EE36}.Debug|Any CPU.Build.0 = Debug|Any CPU
		{7A15C415-57ED-492A-827F-C7A75154EE36}.Release|Any CPU.ActiveCfg = Release|Any CPU
		{7A15C415-57ED-492A-827F-C7A75154EE36}.Release|Any CPU.Build.0 = Release|Any CPU
		{22A2EE38-85FE-483B-819D-2C224CB9BC33}.Debug|Any CPU.ActiveCfg = Debug|Any CPU
		{22A2EE38-85FE-483B-819D-2C224CB9BC33}.Debug|Any CPU.Build.0 = Debug|Any CPU
		{22A2EE38-85FE-483B-819D-2C224CB9BC33}.Release|Any CPU.ActiveCfg = Release|Any CPU
		{22A2EE38-85FE-483B-819D-2C224CB9BC33}.Release|Any CPU.Build.0 = Release|Any CPU
	EndGlobalSection
	GlobalSection(SolutionProperties) = preSolution
		HideSolutionNode = FALSE
	EndGlobalSection
	GlobalSection(NestedProjects) = preSolution
		{A1F9C5A9-4258-480D-AAA8-6AFCDF96BEC7} = {023FC0B7-DABB-42EE-98D6-7F69171A1DFC}
		{1340F277-6B95-4B9B-BEB2-6375CA7CCBDE} = {023FC0B7-DABB-42EE-98D6-7F69171A1DFC}
		{EF598BD3-6246-4488-8E66-71A7962A3D34} = {023FC0B7-DABB-42EE-98D6-7F69171A1DFC}
		{404C09CB-EDF2-4937-9D49-E6D8184B26B4} = {07654457-538A-48CC-9122-E91E6CF84CCF}
		{94F9CBEC-1A52-4381-8288-81CCE4A8E0F6} = {489E30ED-5364-4958-9C35-5D89B1D711FE}
		{7A15C415-57ED-492A-827F-C7A75154EE36} = {023FC0B7-DABB-42EE-98D6-7F69171A1DFC}
		{22A2EE38-85FE-483B-819D-2C224CB9BC33} = {023FC0B7-DABB-42EE-98D6-7F69171A1DFC}
	EndGlobalSection
	GlobalSection(ExtensibilityGlobals) = postSolution
		SolutionGuid = {81BE1FBD-2622-47F7-8792-2D216C8EC3DC}
	EndGlobalSection
EndGlobal
